{
  "requires": true,
  "lockfileVersion": 1,
  "dependencies": {
    "nanoid": {
      "version": "3.1.18",
      "resolved": "https://registry.npmjs.org/nanoid/-/nanoid-3.1.18.tgz",
      "integrity": "sha512-rndlDjbbHbcV3xi+R2fpJ+PbGMdfBxz5v1fATIQFq0DP64FsicQdwnKLy47K4kZHdRpmQXtz24eGsxQqamzYTA=="
    }
  }
}
